
Microsoft Visual Studio Solution File, Format Version 12.00
# Visual Studio Version 17
VisualStudioVersion = 17.2.32505.173
MinimumVisualStudioVersion = 10.0.40219.1
Project("{9A19103F-16F7-4668-BE54-9A1E7A4F7556}") = "SortComparison", "Quicksort\SortComparison.csproj", "{3247064F-366F-4788-93B6-7730A2B5C79A}"
EndProject
Global
	GlobalSection(SolutionConfigurationPlatforms) = preSolution
		Debug|Any CPU = Debug|Any CPU
		Release|Any CPU = Release|Any CPU
	EndGlobalSection
	GlobalSection(ProjectConfigurationPlatforms) = postSolution
		{3247064F-366F-4788-93B6-7730A2B5C79A}.Debug|Any CPU.ActiveCfg = Debug|Any CPU
		{3247064F-366F-4788-93B6-7730A2B5C79A}.Debug|Any CPU.Build.0 = Debug|Any CPU
		{3247064F-366F-4788-93B6-7730A2B5C79A}.Release|Any CPU.ActiveCfg = Release|Any CPU
		{3247064F-366F-4788-93B6-7730A2B5C79A}.Release|Any CPU.Build.0 = Release|Any CPU
	EndGlobalSection
	GlobalSection(SolutionProperties) = preSolution
		HideSolutionNode = FALSE
	EndGlobalSection
	GlobalSection(ExtensibilityGlobals) = postSolution
		SolutionGuid = {A9155091-EE73-420F-8638-C3F7FAA6F9CE}
	EndGlobalSection
EndGlobal
