
Microsoft Visual Studio Solution File, Format Version 12.00
# Visual Studio Version 16
VisualStudioVersion = 16.0.31729.503
MinimumVisualStudioVersion = 10.0.40219.1
Project("{9A19103F-16F7-4668-BE54-9A1E7A4F7556}") = "CancellationTokenSource.Api", "CancellationTokenSource.Api\CancellationTokenSource.Api.csproj", "{8AD3C52F-80DE-43C0-A687-DD11A4D0C63C}"
EndProject
Project("{FAE04EC0-301F-11D3-BF4B-00C04F79EFBC}") = "LongTask.Cmd", "LongTask.Cmd\LongTask.Cmd.csproj", "{E97EC753-A5BD-4E2D-93BA-0F5892DD081F}"
EndProject
Global
	GlobalSection(SolutionConfigurationPlatforms) = preSolution
		Debug|Any CPU = Debug|Any CPU
		Release|Any CPU = Release|Any CPU
	EndGlobalSection
	GlobalSection(ProjectConfigurationPlatforms) = postSolution
		{8AD3C52F-80DE-43C0-A687-DD11A4D0C63C}.Debug|Any CPU.ActiveCfg = Debug|Any CPU
		{8AD3C52F-80DE-43C0-A687-DD11A4D0C63C}.Debug|Any CPU.Build.0 = Debug|Any CPU
		{8AD3C52F-80DE-43C0-A687-DD11A4D0C63C}.Release|Any CPU.ActiveCfg = Release|Any CPU
		{8AD3C52F-80DE-43C0-A687-DD11A4D0C63C}.Release|Any CPU.Build.0 = Release|Any CPU
		{E97EC753-A5BD-4E2D-93BA-0F5892DD081F}.Debug|Any CPU.ActiveCfg = Debug|Any CPU
		{E97EC753-A5BD-4E2D-93BA-0F5892DD081F}.Debug|Any CPU.Build.0 = Debug|Any CPU
		{E97EC753-A5BD-4E2D-93BA-0F5892DD081F}.Release|Any CPU.ActiveCfg = Release|Any CPU
		{E97EC753-A5BD-4E2D-93BA-0F5892DD081F}.Release|Any CPU.Build.0 = Release|Any CPU
	EndGlobalSection
	GlobalSection(SolutionProperties) = preSolution
		HideSolutionNode = FALSE
	EndGlobalSection
	GlobalSection(ExtensibilityGlobals) = postSolution
		SolutionGuid = {C1F2453C-F68E-4631-BB69-3CBB7E0A42AF}
	EndGlobalSection
EndGlobal
