
Microsoft Visual Studio Solution File, Format Version 12.00
# Visual Studio Version 17
VisualStudioVersion = 17.1.32210.238
MinimumVisualStudioVersion = 10.0.40219.1
Project("{FAE04EC0-301F-11D3-BF4B-00C04F79EFBC}") = "MinimalAPIs", "MinimalAPIs\MinimalAPIs.csproj", "{9C1C83FE-C2AA-44ED-B84B-613DF1C07D6B}"
EndProject
Global
	GlobalSection(SolutionConfigurationPlatforms) = preSolution
		Debug|Any CPU = Debug|Any CPU
		Release|Any CPU = Release|Any CPU
	EndGlobalSection
	GlobalSection(ProjectConfigurationPlatforms) = postSolution
		{9C1C83FE-C2AA-44ED-B84B-613DF1C07D6B}.Debug|Any CPU.ActiveCfg = Debug|Any CPU
		{9C1C83FE-C2AA-44ED-B84B-613DF1C07D6B}.Debug|Any CPU.Build.0 = Debug|Any CPU
		{9C1C83FE-C2AA-44ED-B84B-613DF1C07D6B}.Release|Any CPU.ActiveCfg = Release|Any CPU
		{9C1C83FE-C2AA-44ED-B84B-613DF1C07D6B}.Release|Any CPU.Build.0 = Release|Any CPU
	EndGlobalSection
	GlobalSection(SolutionProperties) = preSolution
		HideSolutionNode = FALSE
	EndGlobalSection
	GlobalSection(ExtensibilityGlobals) = postSolution
		SolutionGuid = {4D3EAF41-3A82-43D3-BF51-41C51C64B168}
	EndGlobalSection
EndGlobal
