
Microsoft Visual Studio Solution File, Format Version 12.00
Project("{FAE04EC0-301F-11D3-BF4B-00C04F79EFBC}") = "HttpClientFactoryDemo.ApiClient", "HttpClientFactoryDemo.ApiClient\HttpClientFactoryDemo.ApiClient.csproj", "{6F660AD2-B70E-4500-94E2-76F76E150834}"
EndProject
Project("{FAE04EC0-301F-11D3-BF4B-00C04F79EFBC}") = "HttpClientFactoryDemo.Api", "HttpClientFactoryDemo.Api\HttpClientFactoryDemo.Api.csproj", "{0F9499CC-C43E-4BA2-BF3D-7F1C178590FE}"
EndProject
Global
	GlobalSection(SolutionConfigurationPlatforms) = preSolution
		Debug|Any CPU = Debug|Any CPU
		Release|Any CPU = Release|Any CPU
	EndGlobalSection
	GlobalSection(ProjectConfigurationPlatforms) = postSolution
		{6F660AD2-B70E-4500-94E2-76F76E150834}.Debug|Any CPU.ActiveCfg = Debug|Any CPU
		{6F660AD2-B70E-4500-94E2-76F76E150834}.Debug|Any CPU.Build.0 = Debug|Any CPU
		{6F660AD2-B70E-4500-94E2-76F76E150834}.Release|Any CPU.ActiveCfg = Release|Any CPU
		{6F660AD2-B70E-4500-94E2-76F76E150834}.Release|Any CPU.Build.0 = Release|Any CPU
		{0F9499CC-C43E-4BA2-BF3D-7F1C178590FE}.Debug|Any CPU.ActiveCfg = Debug|Any CPU
		{0F9499CC-C43E-4BA2-BF3D-7F1C178590FE}.Debug|Any CPU.Build.0 = Debug|Any CPU
		{0F9499CC-C43E-4BA2-BF3D-7F1C178590FE}.Release|Any CPU.ActiveCfg = Release|Any CPU
		{0F9499CC-C43E-4BA2-BF3D-7F1C178590FE}.Release|Any CPU.Build.0 = Release|Any CPU
	EndGlobalSection
EndGlobal
