
Microsoft Visual Studio Solution File, Format Version 12.00
# Visual Studio Version 16
VisualStudioVersion = 16.0.31624.102
MinimumVisualStudioVersion = 10.0.40219.1
Project("{9A19103F-16F7-4668-BE54-9A1E7A4F7556}") = "Pipelines.FileReader", "Pipelines.FileReader\Pipelines.FileReader.csproj", "{EE78427F-6333-4A9C-9291-37FDCB3B7128}"
EndProject
Project("{9A19103F-16F7-4668-BE54-9A1E7A4F7556}") = "Pipelines.Data", "Pipelines.Data\Pipelines.Data.csproj", "{9FBF3F0C-7177-4F66-8514-21FC1709131B}"
EndProject
Project("{FAE04EC0-301F-11D3-BF4B-00C04F79EFBC}") = "Pipelines.Benchmarks", "Pipelines.Benchmarks\Pipelines.Benchmarks.csproj", "{9BD7A3A6-D0A6-4F46-8FA8-D2A0C93FAEF6}"
EndProject
Global
	GlobalSection(SolutionConfigurationPlatforms) = preSolution
		Debug|Any CPU = Debug|Any CPU
		Release|Any CPU = Release|Any CPU
	EndGlobalSection
	GlobalSection(ProjectConfigurationPlatforms) = postSolution
		{EE78427F-6333-4A9C-9291-37FDCB3B7128}.Debug|Any CPU.ActiveCfg = Debug|Any CPU
		{EE78427F-6333-4A9C-9291-37FDCB3B7128}.Debug|Any CPU.Build.0 = Debug|Any CPU
		{EE78427F-6333-4A9C-9291-37FDCB3B7128}.Release|Any CPU.ActiveCfg = Release|Any CPU
		{EE78427F-6333-4A9C-9291-37FDCB3B7128}.Release|Any CPU.Build.0 = Release|Any CPU
		{9FBF3F0C-7177-4F66-8514-21FC1709131B}.Debug|Any CPU.ActiveCfg = Debug|Any CPU
		{9FBF3F0C-7177-4F66-8514-21FC1709131B}.Debug|Any CPU.Build.0 = Debug|Any CPU
		{9FBF3F0C-7177-4F66-8514-21FC1709131B}.Release|Any CPU.ActiveCfg = Release|Any CPU
		{9FBF3F0C-7177-4F66-8514-21FC1709131B}.Release|Any CPU.Build.0 = Release|Any CPU
		{9BD7A3A6-D0A6-4F46-8FA8-D2A0C93FAEF6}.Debug|Any CPU.ActiveCfg = Debug|Any CPU
		{9BD7A3A6-D0A6-4F46-8FA8-D2A0C93FAEF6}.Debug|Any CPU.Build.0 = Debug|Any CPU
		{9BD7A3A6-D0A6-4F46-8FA8-D2A0C93FAEF6}.Release|Any CPU.ActiveCfg = Release|Any CPU
		{9BD7A3A6-D0A6-4F46-8FA8-D2A0C93FAEF6}.Release|Any CPU.Build.0 = Release|Any CPU
	EndGlobalSection
	GlobalSection(SolutionProperties) = preSolution
		HideSolutionNode = FALSE
	EndGlobalSection
	GlobalSection(ExtensibilityGlobals) = postSolution
		SolutionGuid = {D378515F-779C-4AE9-9547-6CC5AFAB78B2}
	EndGlobalSection
EndGlobal
