
Microsoft Visual Studio Solution File, Format Version 12.00
# Visual Studio Version 16
VisualStudioVersion = 16.0.31702.278
MinimumVisualStudioVersion = 10.0.40219.1
Project("{FAE04EC0-301F-11D3-BF4B-00C04F79EFBC}") = "DistributedCache.API", "DistributedCache.API\DistributedCache.API.csproj", "{4662B438-2348-4D0F-BD1A-26D87D60EDF6}"
EndProject
Global
	GlobalSection(SolutionConfigurationPlatforms) = preSolution
		Debug|Any CPU = Debug|Any CPU
		Release|Any CPU = Release|Any CPU
	EndGlobalSection
	GlobalSection(ProjectConfigurationPlatforms) = postSolution
		{4662B438-2348-4D0F-BD1A-26D87D60EDF6}.Debug|Any CPU.ActiveCfg = Debug|Any CPU
		{4662B438-2348-4D0F-BD1A-26D87D60EDF6}.Debug|Any CPU.Build.0 = Debug|Any CPU
		{4662B438-2348-4D0F-BD1A-26D87D60EDF6}.Release|Any CPU.ActiveCfg = Release|Any CPU
		{4662B438-2348-4D0F-BD1A-26D87D60EDF6}.Release|Any CPU.Build.0 = Release|Any CPU
	EndGlobalSection
	GlobalSection(SolutionProperties) = preSolution
		HideSolutionNode = FALSE
	EndGlobalSection
	GlobalSection(ExtensibilityGlobals) = postSolution
		SolutionGuid = {BBD43D5F-9B82-473F-9C42-6A9647300085}
	EndGlobalSection
EndGlobal
